// !$*UTF8*$!
{
	archiveVersion = 1;
	classes = {
	};
	objectVersion = 50;
	objects = {

/* Begin PBXBuildFile section */
		CD92906A248BF0F3005C25C0 /* AppDelegate.swift in Sources */ = {isa = PBXBuildFile; fileRef = CD929069248BF0F3005C25C0 /* AppDelegate.swift */; };
		CD92906C248BF0F3005C25C0 /* SceneDelegate.swift in Sources */ = {isa = PBXBuildFile; fileRef = CD92906B248BF0F3005C25C0 /* SceneDelegate.swift */; };
		CD92906E248BF0F3005C25C0 /* ViewController.swift in Sources */ = {isa = PBXBuildFile; fileRef = CD92906D248BF0F3005C25C0 /* ViewController.swift */; };
		CD929071248BF0F3005C25C0 /* Main.storyboard in Resources */ = {isa = PBXBuildFile; fileRef = CD92906F248BF0F3005C25C0 /* Main.storyboard */; };
		CD929073248BF0F6005C25C0 /* Assets.xcassets in Resources */ = {isa = PBXBuildFile; fileRef = CD929072248BF0F6005C25C0 /* Assets.xcassets */; };
		CD929076248BF0F6005C25C0 /* LaunchScreen.storyboard in Resources */ = {isa = PBXBuildFile; fileRef = CD929074248BF0F6005C25C0 /* LaunchScreen.storyboard */; };
		CD92907E248C37C2005C25C0 /* Constants.swift in Sources */ = {isa = PBXBuildFile; fileRef = CD92907D248C37C2005C25C0 /* Constants.swift */; };
		CD929080248C3972005C25C0 /* Video.swift in Sources */ = {isa = PBXBuildFile; fileRef = CD92907F248C3972005C25C0 /* Video.swift */; };
		CD929082248C39D0005C25C0 /* Model.swift in Sources */ = {isa = PBXBuildFile; fileRef = CD929081248C39CF005C25C0 /* Model.swift */; };
/* End PBXBuildFile section */

/* Begin PBXFileReference section */
		CD929066248BF0F3005C25C0 /* youtube-clone.app */ = {isa = PBXFileReference; explicitFileType = wrapper.application; includeInIndex = 0; path = "youtube-clone.app"; sourceTree = BUILT_PRODUCTS_DIR; };
		CD929069248BF0F3005C25C0 /* AppDelegate.swift */ = {isa = PBXFileReference; lastKnownFileType = sourcecode.swift; path = AppDelegate.swift; sourceTree = "<group>"; };
		CD92906B248BF0F3005C25C0 /* SceneDelegate.swift */ = {isa = PBXFileReference; lastKnownFileType = sourcecode.swift; path = SceneDelegate.swift; sourceTree = "<group>"; };
		CD92906D248BF0F3005C25C0 /* ViewController.swift */ = {isa = PBXFileReference; lastKnownFileType = sourcecode.swift; path = ViewController.swift; sourceTree = "<group>"; };
		CD929070248BF0F3005C25C0 /* Base */ = {isa = PBXFileReference; lastKnownFileType = file.storyboard; name = Base; path = Base.lproj/Main.storyboard; sourceTree = "<group>"; };
		CD929072248BF0F6005C25C0 /* Assets.xcassets */ = {isa = PBXFileReference; lastKnownFileType = folder.assetcatalog; path = Assets.xcassets; sourceTree = "<group>"; };
		CD929075248BF0F6005C25C0 /* Base */ = {isa = PBXFileReference; lastKnownFileType = file.storyboard; name = Base; path = Base.lproj/LaunchScreen.storyboard; sourceTree = "<group>"; };
		CD929077248BF0F6005C25C0 /* Info.plist */ = {isa = PBXFileReference; lastKnownFileType = text.plist.xml; path = Info.plist; sourceTree = "<group>"; };
		CD92907D248C37C2005C25C0 /* Constants.swift */ = {isa = PBXFileReference; lastKnownFileType = sourcecode.swift; path = Constants.swift; sourceTree = "<group>"; };
		CD92907F248C3972005C25C0 /* Video.swift */ = {isa = PBXFileReference; lastKnownFileType = sourcecode.swift; path = Video.swift; sourceTree = "<group>"; };
		CD929081248C39CF005C25C0 /* Model.swift */ = {isa = PBXFileReference; lastKnownFileType = sourcecode.swift; path = Model.swift; sourceTree = "<group>"; };
/* End PBXFileReference section */

/* Begin PBXFrameworksBuildPhase section */
		CD929063248BF0F3005C25C0 /* Frameworks */ = {
			isa = PBXFrameworksBuildPhase;
			buildActionMask = 2147483647;
			files = (
			);
			runOnlyForDeploymentPostprocessing = 0;
		};
/* End PBXFrameworksBuildPhase section */

/* Begin PBXGroup section */
		CD92905D248BF0F3005C25C0 = {
			isa = PBXGroup;
			children = (
				CD929068248BF0F3005C25C0 /* youtube-clone */,
				CD929067248BF0F3005C25C0 /* Products */,
			);
			sourceTree = "<group>";
		};
		CD929067248BF0F3005C25C0 /* Products */ = {
			isa = PBXGroup;
			children = (
				CD929066248BF0F3005C25C0 /* youtube-clone.app */,
			);
			name = Products;
			sourceTree = "<group>";
		};
		CD929068248BF0F3005C25C0 /* youtube-clone */ = {
			isa = PBXGroup;
			children = (
				CD929069248BF0F3005C25C0 /* AppDelegate.swift */,
				CD92906B248BF0F3005C25C0 /* SceneDelegate.swift */,
				CD92906D248BF0F3005C25C0 /* ViewController.swift */,
				CD92907D248C37C2005C25C0 /* Constants.swift */,
				CD92907F248C3972005C25C0 /* Video.swift */,
				CD929081248C39CF005C25C0 /* Model.swift */,
				CD92906F248BF0F3005C25C0 /* Main.storyboard */,
				CD929072248BF0F6005C25C0 /* Assets.xcassets */,
				CD929074248BF0F6005C25C0 /* LaunchScreen.storyboard */,
				CD929077248BF0F6005C25C0 /* Info.plist */,
			);
			path = "youtube-clone";
			sourceTree = "<group>";
		};
/* End PBXGroup section */

/* Begin PBXNativeTarget section */
		CD929065248BF0F3005C25C0 /* youtube-clone */ = {
			isa = PBXNativeTarget;
			buildConfigurationList = CD92907A248BF0F6005C25C0 /* Build configuration list for PBXNativeTarget "youtube-clone" */;
			buildPhases = (
				CD929062248BF0F3005C25C0 /* Sources */,
				CD929063248BF0F3005C25C0 /* Frameworks */,
				CD929064248BF0F3005C25C0 /* Resources */,
			);
			buildRules = (
			);
			dependencies = (
			);
			name = "youtube-clone";
			productName = "youtube-clone";
			productReference = CD929066248BF0F3005C25C0 /* youtube-clone.app */;
			productType = "com.apple.product-type.application";
		};
/* End PBXNativeTarget section */

/* Begin PBXProject section */
		CD92905E248BF0F3005C25C0 /* Project object */ = {
			isa = PBXProject;
			attributes = {
				LastSwiftUpdateCheck = 1140;
				LastUpgradeCheck = 1140;
				ORGANIZATIONNAME = LVZ;
				TargetAttributes = {
					CD929065248BF0F3005C25C0 = {
						CreatedOnToolsVersion = 11.4.1;
					};
				};
			};
			buildConfigurationList = CD929061248BF0F3005C25C0 /* Build configuration list for PBXProject "youtube-clone" */;
			compatibilityVersion = "Xcode 9.3";
			developmentRegion = en;
			hasScannedForEncodings = 0;
			knownRegions = (
				en,
				Base,
			);
			mainGroup = CD92905D248BF0F3005C25C0;
			productRefGroup = CD929067248BF0F3005C25C0 /* Products */;
			projectDirPath = "";
			projectRoot = "";
			targets = (
				CD929065248BF0F3005C25C0 /* youtube-clone */,
			);
		};
/* End PBXProject section */

/* Begin PBXResourcesBuildPhase section */
		CD929064248BF0F3005C25C0 /* Resources */ = {
			isa = PBXResourcesBuildPhase;
			buildActionMask = 2147483647;
			files = (
				CD929076248BF0F6005C25C0 /* LaunchScreen.storyboard in Resources */,
				CD929073248BF0F6005C25C0 /* Assets.xcassets in Resources */,
				CD929071248BF0F3005C25C0 /* Main.storyboard in Resources */,
			);
			runOnlyForDeploymentPostprocessing = 0;
		};
/* End PBXResourcesBuildPhase section */

/* Begin PBXSourcesBuildPhase section */
		CD929062248BF0F3005C25C0 /* Sources */ = {
			isa = PBXSourcesBuildPhase;
			buildActionMask = 2147483647;
			files = (
				CD92906E248BF0F3005C25C0 /* ViewController.swift in Sources */,
				CD92906A248BF0F3005C25C0 /* AppDelegate.swift in Sources */,
				CD92906C248BF0F3005C25C0 /* SceneDelegate.swift in Sources */,
				CD929082248C39D0005C25C0 /* Model.swift in Sources */,
				CD92907E248C37C2005C25C0 /* Constants.swift in Sources */,
				CD929080248C3972005C25C0 /* Video.swift in Sources */,
			);
			runOnlyForDeploymentPostprocessing = 0;
		};
/* End PBXSourcesBuildPhase section */

/* Begin PBXVariantGroup section */
		CD92906F248BF0F3005C25C0 /* Main.storyboard */ = {
			isa = PBXVariantGroup;
			children = (
				CD929070248BF0F3005C25C0 /* Base */,
			);
			name = Main.storyboard;
			sourceTree = "<group>";
		};
		CD929074248BF0F6005C25C0 /* LaunchScreen.storyboard */ = {
			isa = PBXVariantGroup;
			children = (
				CD929075248BF0F6005C25C0 /* Base */,
			);
			name = LaunchScreen.storyboard;
			sourceTree = "<group>";
		};
/* End PBXVariantGroup section */

/* Begin XCBuildConfiguration section */
		CD929078248BF0F6005C25C0 /* Debug */ = {
			isa = XCBuildConfiguration;
			buildSettings = {
				ALWAYS_SEARCH_USER_PATHS = NO;
				CLANG_ANALYZER_NONNULL = YES;
				CLANG_ANALYZER_NUMBER_OBJECT_CONVERSION = YES_AGGRESSIVE;
				CLANG_CXX_LANGUAGE_STANDARD = "gnu++14";
				CLANG_CXX_LIBRARY = "libc++";
				CLANG_ENABLE_MODULES = YES;
				CLANG_ENABLE_OBJC_ARC = YES;
				CLANG_ENABLE_OBJC_WEAK = YES;
				CLANG_WARN_BLOCK_CAPTURE_AUTORELEASING = YES;
				CLANG_WARN_BOOL_CONVERSION = YES;
				CLANG_WARN_COMMA = YES;
				CLANG_WARN_CONSTANT_CONVERSION = YES;
				CLANG_WARN_DEPRECATED_OBJC_IMPLEMENTATIONS = YES;
				CLANG_WARN_DIRECT_OBJC_ISA_USAGE = YES_ERROR;
				CLANG_WARN_DOCUMENTATION_COMMENTS = YES;
				CLANG_WARN_EMPTY_BODY = YES;
				CLANG_WARN_ENUM_CONVERSION = YES;
				CLANG_WARN_INFINITE_RECURSION = YES;
				CLANG_WARN_INT_CONVERSION = YES;
				CLANG_WARN_NON_LITERAL_NULL_CONVERSION = YES;
				CLANG_WARN_OBJC_IMPLICIT_RETAIN_SELF = YES;
				CLANG_WARN_OBJC_LITERAL_CONVERSION = YES;
				CLANG_WARN_OBJC_ROOT_CLASS = YES_ERROR;
				CLANG_WARN_RANGE_LOOP_ANALYSIS = YES;
				CLANG_WARN_STRICT_PROTOTYPES = YES;
				CLANG_WARN_SUSPICIOUS_MOVE = YES;
				CLANG_WARN_UNGUARDED_AVAILABILITY = YES_AGGRESSIVE;
				CLANG_WARN_UNREACHABLE_CODE = YES;
				CLANG_WARN__DUPLICATE_METHOD_MATCH = YES;
				COPY_PHASE_STRIP = NO;
				DEBUG_INFORMATION_FORMAT = dwarf;
				ENABLE_STRICT_OBJC_MSGSEND = YES;
				ENABLE_TESTABILITY = YES;
				GCC_C_LANGUAGE_STANDARD = gnu11;
				GCC_DYNAMIC_NO_PIC = NO;
				GCC_NO_COMMON_BLOCKS = YES;
				GCC_OPTIMIZATION_LEVEL = 0;
				GCC_PREPROCESSOR_DEFINITIONS = (
					"DEBUG=1",
					"$(inherited)",
				);
				GCC_WARN_64_TO_32_BIT_CONVERSION = YES;
				GCC_WARN_ABOUT_RETURN_TYPE = YES_ERROR;
				GCC_WARN_UNDECLARED_SELECTOR = YES;
				GCC_WARN_UNINITIALIZED_AUTOS = YES_AGGRESSIVE;
				GCC_WARN_UNUSED_FUNCTION = YES;
				GCC_WARN_UNUSED_VARIABLE = YES;
				IPHONEOS_DEPLOYMENT_TARGET = 13.4;
				MTL_ENABLE_DEBUG_INFO = INCLUDE_SOURCE;
				MTL_FAST_MATH = YES;
				ONLY_ACTIVE_ARCH = YES;
				SDKROOT = iphoneos;
				SWIFT_ACTIVE_COMPILATION_CONDITIONS = DEBUG;
				SWIFT_OPTIMIZATION_LEVEL = "-Onone";
			};
			name = Debug;
		};
		CD929079248BF0F6005C25C0 /* Release */ = {
			isa = XCBuildConfiguration;
			buildSettings = {
				ALWAYS_SEARCH_USER_PATHS = NO;
				CLANG_ANALYZER_NONNULL = YES;
				CLANG_ANALYZER_NUMBER_OBJECT_CONVERSION = YES_AGGRESSIVE;
				CLANG_CXX_LANGUAGE_STANDARD = "gnu++14";
				CLANG_CXX_LIBRARY = "libc++";
				CLANG_ENABLE_MODULES = YES;
				CLANG_ENABLE_OBJC_ARC = YES;
				CLANG_ENABLE_OBJC_WEAK = YES;
				CLANG_WARN_BLOCK_CAPTURE_AUTORELEASING = YES;
				CLANG_WARN_BOOL_CONVERSION = YES;
				CLANG_WARN_COMMA = YES;
				CLANG_WARN_CONSTANT_CONVERSION = YES;
				CLANG_WARN_DEPRECATED_OBJC_IMPLEMENTATIONS = YES;
				CLANG_WARN_DIRECT_OBJC_ISA_USAGE = YES_ERROR;
				CLANG_WARN_DOCUMENTATION_COMMENTS = YES;
				CLANG_WARN_EMPTY_BODY = YES;
				CLANG_WARN_ENUM_CONVERSION = YES;
				CLANG_WARN_INFINITE_RECURSION = YES;
				CLANG_WARN_INT_CONVERSION = YES;
				CLANG_WARN_NON_LITERAL_NULL_CONVERSION = YES;
				CLANG_WARN_OBJC_IMPLICIT_RETAIN_SELF = YES;
				CLANG_WARN_OBJC_LITERAL_CONVERSION = YES;
				CLANG_WARN_OBJC_ROOT_CLASS = YES_ERROR;
				CLANG_WARN_RANGE_LOOP_ANALYSIS = YES;
				CLANG_WARN_STRICT_PROTOTYPES = YES;
				CLANG_WARN_SUSPICIOUS_MOVE = YES;
				CLANG_WARN_UNGUARDED_AVAILABILITY = YES_AGGRESSIVE;
				CLANG_WARN_UNREACHABLE_CODE = YES;
				CLANG_WARN__DUPLICATE_METHOD_MATCH = YES;
				COPY_PHASE_STRIP = NO;
				DEBUG_INFORMATION_FORMAT = "dwarf-with-dsym";
				ENABLE_NS_ASSERTIONS = NO;
				ENABLE_STRICT_OBJC_MSGSEND = YES;
				GCC_C_LANGUAGE_STANDARD = gnu11;
				GCC_NO_COMMON_BLOCKS = YES;
				GCC_WARN_64_TO_32_BIT_CONVERSION = YES;
				GCC_WARN_ABOUT_RETURN_TYPE = YES_ERROR;
				GCC_WARN_UNDECLARED_SELECTOR = YES;
				GCC_WARN_UNINITIALIZED_AUTOS = YES_AGGRESSIVE;
				GCC_WARN_UNUSED_FUNCTION = YES;
				GCC_WARN_UNUSED_VARIABLE = YES;
				IPHONEOS_DEPLOYMENT_TARGET = 13.4;
				MTL_ENABLE_DEBUG_INFO = NO;
				MTL_FAST_MATH = YES;
				SDKROOT = iphoneos;
				SWIFT_COMPILATION_MODE = wholemodule;
				SWIFT_OPTIMIZATION_LEVEL = "-O";
				VALIDATE_PRODUCT = YES;
			};
			name = Release;
		};
		CD92907B248BF0F6005C25C0 /* Debug */ = {
			isa = XCBuildConfiguration;
			buildSettings = {
				ASSETCATALOG_COMPILER_APPICON_NAME = AppIcon;
				CODE_SIGN_STYLE = Automatic;
				INFOPLIST_FILE = "youtube-clone/Info.plist";
				LD_RUNPATH_SEARCH_PATHS = (
					"$(inherited)",
					"@executable_path/Frameworks",
				);
				PRODUCT_BUNDLE_IDENTIFIER = "com.madebythelyss.youtube-clone";
				PRODUCT_NAME = "$(TARGET_NAME)";
				SWIFT_VERSION = 5.0;
				TARGETED_DEVICE_FAMILY = "1,2";
			};
			name = Debug;
		};
		CD92907C248BF0F6005C25C0 /* Release */ = {
			isa = XCBuildConfiguration;
			buildSettings = {
				ASSETCATALOG_COMPILER_APPICON_NAME = AppIcon;
				CODE_SIGN_STYLE = Automatic;
				INFOPLIST_FILE = "youtube-clone/Info.plist";
				LD_RUNPATH_SEARCH_PATHS = (
					"$(inherited)",
					"@executable_path/Frameworks",
				);
				PRODUCT_BUNDLE_IDENTIFIER = "com.madebythelyss.youtube-clone";
				PRODUCT_NAME = "$(TARGET_NAME)";
				SWIFT_VERSION = 5.0;
				TARGETED_DEVICE_FAMILY = "1,2";
			};
			name = Release;
		};
/* End XCBuildConfiguration section */

/* Begin XCConfigurationList section */
		CD929061248BF0F3005C25C0 /* Build configuration list for PBXProject "youtube-clone" */ = {
			isa = XCConfigurationList;
			buildConfigurations = (
				CD929078248BF0F6005C25C0 /* Debug */,
				CD929079248BF0F6005C25C0 /* Release */,
			);
			defaultConfigurationIsVisible = 0;
			defaultConfigurationName = Release;
		};
		CD92907A248BF0F6005C25C0 /* Build configuration list for PBXNativeTarget "youtube-clone" */ = {
			isa = XCConfigurationList;
			buildConfigurations = (
				CD92907B248BF0F6005C25C0 /* Debug */,
				CD92907C248BF0F6005C25C0 /* Release */,
			);
			defaultConfigurationIsVisible = 0;
			defaultConfigurationName = Release;
		};
/* End XCConfigurationList section */
	};
	rootObject = CD92905E248BF0F3005C25C0 /* Project object */;
}
